
Microsoft Visual Studio Solution File, Format Version 12.00
# Visual Studio Version 16
VisualStudioVersion = 16.0.30413.136
MinimumVisualStudioVersion = 10.0.40219.1
Project("{8BC9CEB8-8B4A-11D0-8D11-00A0C91BC942}") = "A0101_Xml", "src\A0101_Xml\A0101_Xml.vcxproj", "{89FA3B0D-C021-4FE4-9EE8-88E5FDAFBC03}"
EndProject
Project("{8BC9CEB8-8B4A-11D0-8D11-00A0C91BC942}") = "A0102_SDL", "src\A0102_SDL\A0102_SDL.vcxproj", "{96B11A69-F024-4133-B982-9AB810506D9B}"
EndProject
Global
	GlobalSection(SolutionConfigurationPlatforms) = preSolution
		Debug|x64 = Debug|x64
		Debug|x86 = Debug|x86
		Release|x64 = Release|x64
		Release|x86 = Release|x86
	EndGlobalSection
	GlobalSection(ProjectConfigurationPlatforms) = postSolution
		{89FA3B0D-C021-4FE4-9EE8-88E5FDAFBC03}.Debug|x64.ActiveCfg = Debug|x64
		{89FA3B0D-C021-4FE4-9EE8-88E5FDAFBC03}.Debug|x64.Build.0 = Debug|x64
		{89FA3B0D-C021-4FE4-9EE8-88E5FDAFBC03}.Debug|x86.ActiveCfg = Debug|Win32
		{89FA3B0D-C021-4FE4-9EE8-88E5FDAFBC03}.Debug|x86.Build.0 = Debug|Win32
		{89FA3B0D-C021-4FE4-9EE8-88E5FDAFBC03}.Release|x64.ActiveCfg = Release|x64
		{89FA3B0D-C021-4FE4-9EE8-88E5FDAFBC03}.Release|x64.Build.0 = Release|x64
		{89FA3B0D-C021-4FE4-9EE8-88E5FDAFBC03}.Release|x86.ActiveCfg = Release|Win32
		{89FA3B0D-C021-4FE4-9EE8-88E5FDAFBC03}.Release|x86.Build.0 = Release|Win32
		{96B11A69-F024-4133-B982-9AB810506D9B}.Debug|x64.ActiveCfg = Debug|x64
		{96B11A69-F024-4133-B982-9AB810506D9B}.Debug|x64.Build.0 = Debug|x64
		{96B11A69-F024-4133-B982-9AB810506D9B}.Debug|x86.ActiveCfg = Debug|Win32
		{96B11A69-F024-4133-B982-9AB810506D9B}.Debug|x86.Build.0 = Debug|Win32
		{96B11A69-F024-4133-B982-9AB810506D9B}.Release|x64.ActiveCfg = Release|x64
		{96B11A69-F024-4133-B982-9AB810506D9B}.Release|x64.Build.0 = Release|x64
		{96B11A69-F024-4133-B982-9AB810506D9B}.Release|x86.ActiveCfg = Release|Win32
		{96B11A69-F024-4133-B982-9AB810506D9B}.Release|x86.Build.0 = Release|Win32
	EndGlobalSection
	GlobalSection(SolutionProperties) = preSolution
		HideSolutionNode = FALSE
	EndGlobalSection
	GlobalSection(ExtensibilityGlobals) = postSolution
		SolutionGuid = {F0C7D547-1CF2-4FEB-B7A4-2CA10122FD63}
	EndGlobalSection
EndGlobal
